
Microsoft Visual Studio Solution File, Format Version 12.00
# Visual Studio Version 17
VisualStudioVersion = 17.6.33829.357
MinimumVisualStudioVersion = 10.0.40219.1
Project("{9A19103F-16F7-4668-BE54-9A1E7A4F7556}") = "BlasII.Randomizer.Map", "BlasII.Randomizer.Map\BlasII.Randomizer.Map.csproj", "{6B9AE28F-3797-4349-9FB5-741413B4A29E}"
EndProject
Global
	GlobalSection(SolutionConfigurationPlatforms) = preSolution
		Debug|Any CPU = Debug|Any CPU
		Release|Any CPU = Release|Any CPU
	EndGlobalSection
	GlobalSection(ProjectConfigurationPlatforms) = postSolution
		{6B9AE28F-3797-4349-9FB5-741413B4A29E}.Debug|Any CPU.ActiveCfg = Debug|Any CPU
		{6B9AE28F-3797-4349-9FB5-741413B4A29E}.Debug|Any CPU.Build.0 = Debug|Any CPU
		{6B9AE28F-3797-4349-9FB5-741413B4A29E}.Release|Any CPU.ActiveCfg = Release|Any CPU
		{6B9AE28F-3797-4349-9FB5-741413B4A29E}.Release|Any CPU.Build.0 = Release|Any CPU
	EndGlobalSection
	GlobalSection(SolutionProperties) = preSolution
		HideSolutionNode = FALSE
	EndGlobalSection
	GlobalSection(ExtensibilityGlobals) = postSolution
		SolutionGuid = {1D5E184B-D657-4436-ABC9-7A3198794FFF}
	EndGlobalSection
EndGlobal
